
Microsoft Visual Studio Solution File, Format Version 12.00
# Visual Studio Version 17
VisualStudioVersion = 17.4.33205.214
MinimumVisualStudioVersion = 10.0.40219.1
Project("{888888A0-9F3D-457C-B088-3A5042F75D52}") = "TARgv23_põhikonstruktsioonid", "TARgv23_põhikonstruktsioonid.pyproj", "{6F21FFF3-D150-4BB4-9D08-57C6E11B4B01}"
EndProject
Global
	GlobalSection(SolutionConfigurationPlatforms) = preSolution
		Debug|Any CPU = Debug|Any CPU
		Release|Any CPU = Release|Any CPU
	EndGlobalSection
	GlobalSection(ProjectConfigurationPlatforms) = postSolution
		{6F21FFF3-D150-4BB4-9D08-57C6E11B4B01}.Debug|Any CPU.ActiveCfg = Debug|Any CPU
		{6F21FFF3-D150-4BB4-9D08-57C6E11B4B01}.Release|Any CPU.ActiveCfg = Release|Any CPU
	EndGlobalSection
	GlobalSection(SolutionProperties) = preSolution
		HideSolutionNode = FALSE
	EndGlobalSection
	GlobalSection(ExtensibilityGlobals) = postSolution
		SolutionGuid = {8BC6493E-6681-4B3C-929D-E0184FE7FE06}
	EndGlobalSection
EndGlobal
